
Microsoft Visual Studio Solution File, Format Version 12.00
# Visual Studio Version 16
VisualStudioVersion = 16.0.30413.136
MinimumVisualStudioVersion = 10.0.40219.1
Project("{9A19103F-16F7-4668-BE54-9A1E7A4F7556}") = "Core.Api", "Core.Api\Core.Api.csproj", "{E696DA92-F825-499B-9957-0032DACF049C}"
EndProject
Project("{9A19103F-16F7-4668-BE54-9A1E7A4F7556}") = "Core.Database", "Core.Database\Core.Database.csproj", "{AE420823-6425-47B6-9355-D28C9EB696BC}"
EndProject
Global
	GlobalSection(SolutionConfigurationPlatforms) = preSolution
		Debug|Any CPU = Debug|Any CPU
		Release|Any CPU = Release|Any CPU
	EndGlobalSection
	GlobalSection(ProjectConfigurationPlatforms) = postSolution
		{E696DA92-F825-499B-9957-0032DACF049C}.Debug|Any CPU.ActiveCfg = Debug|Any CPU
		{E696DA92-F825-499B-9957-0032DACF049C}.Debug|Any CPU.Build.0 = Debug|Any CPU
		{E696DA92-F825-499B-9957-0032DACF049C}.Release|Any CPU.ActiveCfg = Release|Any CPU
		{E696DA92-F825-499B-9957-0032DACF049C}.Release|Any CPU.Build.0 = Release|Any CPU
		{AE420823-6425-47B6-9355-D28C9EB696BC}.Debug|Any CPU.ActiveCfg = Debug|Any CPU
		{AE420823-6425-47B6-9355-D28C9EB696BC}.Debug|Any CPU.Build.0 = Debug|Any CPU
		{AE420823-6425-47B6-9355-D28C9EB696BC}.Release|Any CPU.ActiveCfg = Release|Any CPU
		{AE420823-6425-47B6-9355-D28C9EB696BC}.Release|Any CPU.Build.0 = Release|Any CPU
	EndGlobalSection
	GlobalSection(SolutionProperties) = preSolution
		HideSolutionNode = FALSE
	EndGlobalSection
	GlobalSection(ExtensibilityGlobals) = postSolution
		SolutionGuid = {2ECECEF6-C444-40F2-9D3F-2BBCD951E256}
	EndGlobalSection
EndGlobal
